
Microsoft Visual Studio Solution File, Format Version 12.00
# Visual Studio 2012
Project("{2857B73E-F847-4B02-9238-064979017E93}") = "variables4", "variables4\variables4.cproj", "{4C87B0F8-1CBF-4D96-87B9-F6477D27D1CF}"
EndProject
Global
	GlobalSection(SolutionConfigurationPlatforms) = preSolution
		Debug|Any CPU = Debug|Any CPU
		Release|Any CPU = Release|Any CPU
	EndGlobalSection
	GlobalSection(ProjectConfigurationPlatforms) = postSolution
		{4C87B0F8-1CBF-4D96-87B9-F6477D27D1CF}.Debug|Any CPU.ActiveCfg = Debug|Any CPU
		{4C87B0F8-1CBF-4D96-87B9-F6477D27D1CF}.Debug|Any CPU.Build.0 = Debug|Any CPU
		{4C87B0F8-1CBF-4D96-87B9-F6477D27D1CF}.Release|Any CPU.ActiveCfg = Release|Any CPU
		{4C87B0F8-1CBF-4D96-87B9-F6477D27D1CF}.Release|Any CPU.Build.0 = Release|Any CPU
	EndGlobalSection
EndGlobal
